
Microsoft Visual Studio Solution File, Format Version 12.00
# Visual Studio Version 16
VisualStudioVersion = 16.0.30114.105
MinimumVisualStudioVersion = 10.0.40219.1
Project("{FAE04EC0-301F-11D3-BF4B-00C04F79EFBC}") = "API", "API\API.csproj", "{1FE8FF31-FD11-4F4B-A189-C30AE7998639}"
EndProject
Project("{FAE04EC0-301F-11D3-BF4B-00C04F79EFBC}") = "Application", "Application\Application.csproj", "{8BED5B71-FC57-4371-802D-487A10E0D70C}"
EndProject
Project("{FAE04EC0-301F-11D3-BF4B-00C04F79EFBC}") = "Persistence", "Persistence\Persistence.csproj", "{9366518D-D0B0-42FF-9314-976671943E60}"
EndProject
Project("{FAE04EC0-301F-11D3-BF4B-00C04F79EFBC}") = "Domain", "Domain\Domain.csproj", "{D62B7EA6-7A58-4AA0-BF0F-655B2038A807}"
EndProject
Global
	GlobalSection(SolutionConfigurationPlatforms) = preSolution
		Debug|Any CPU = Debug|Any CPU
		Debug|x64 = Debug|x64
		Debug|x86 = Debug|x86
		Release|Any CPU = Release|Any CPU
		Release|x64 = Release|x64
		Release|x86 = Release|x86
	EndGlobalSection
	GlobalSection(SolutionProperties) = preSolution
		HideSolutionNode = FALSE
	EndGlobalSection
	GlobalSection(ProjectConfigurationPlatforms) = postSolution
		{1FE8FF31-FD11-4F4B-A189-C30AE7998639}.Debug|Any CPU.ActiveCfg = Debug|Any CPU
		{1FE8FF31-FD11-4F4B-A189-C30AE7998639}.Debug|Any CPU.Build.0 = Debug|Any CPU
		{1FE8FF31-FD11-4F4B-A189-C30AE7998639}.Debug|x64.ActiveCfg = Debug|Any CPU
		{1FE8FF31-FD11-4F4B-A189-C30AE7998639}.Debug|x64.Build.0 = Debug|Any CPU
		{1FE8FF31-FD11-4F4B-A189-C30AE7998639}.Debug|x86.ActiveCfg = Debug|Any CPU
		{1FE8FF31-FD11-4F4B-A189-C30AE7998639}.Debug|x86.Build.0 = Debug|Any CPU
		{1FE8FF31-FD11-4F4B-A189-C30AE7998639}.Release|Any CPU.ActiveCfg = Release|Any CPU
		{1FE8FF31-FD11-4F4B-A189-C30AE7998639}.Release|Any CPU.Build.0 = Release|Any CPU
		{1FE8FF31-FD11-4F4B-A189-C30AE7998639}.Release|x64.ActiveCfg = Release|Any CPU
		{1FE8FF31-FD11-4F4B-A189-C30AE7998639}.Release|x64.Build.0 = Release|Any CPU
		{1FE8FF31-FD11-4F4B-A189-C30AE7998639}.Release|x86.ActiveCfg = Release|Any CPU
		{1FE8FF31-FD11-4F4B-A189-C30AE7998639}.Release|x86.Build.0 = Release|Any CPU
		{8BED5B71-FC57-4371-802D-487A10E0D70C}.Debug|Any CPU.ActiveCfg = Debug|Any CPU
		{8BED5B71-FC57-4371-802D-487A10E0D70C}.Debug|Any CPU.Build.0 = Debug|Any CPU
		{8BED5B71-FC57-4371-802D-487A10E0D70C}.Debug|x64.ActiveCfg = Debug|Any CPU
		{8BED5B71-FC57-4371-802D-487A10E0D70C}.Debug|x64.Build.0 = Debug|Any CPU
		{8BED5B71-FC57-4371-802D-487A10E0D70C}.Debug|x86.ActiveCfg = Debug|Any CPU
		{8BED5B71-FC57-4371-802D-487A10E0D70C}.Debug|x86.Build.0 = Debug|Any CPU
		{8BED5B71-FC57-4371-802D-487A10E0D70C}.Release|Any CPU.ActiveCfg = Release|Any CPU
		{8BED5B71-FC57-4371-802D-487A10E0D70C}.Release|Any CPU.Build.0 = Release|Any CPU
		{8BED5B71-FC57-4371-802D-487A10E0D70C}.Release|x64.ActiveCfg = Release|Any CPU
		{8BED5B71-FC57-4371-802D-487A10E0D70C}.Release|x64.Build.0 = Release|Any CPU
		{8BED5B71-FC57-4371-802D-487A10E0D70C}.Release|x86.ActiveCfg = Release|Any CPU
		{8BED5B71-FC57-4371-802D-487A10E0D70C}.Release|x86.Build.0 = Release|Any CPU
		{9366518D-D0B0-42FF-9314-976671943E60}.Debug|Any CPU.ActiveCfg = Debug|Any CPU
		{9366518D-D0B0-42FF-9314-976671943E60}.Debug|Any CPU.Build.0 = Debug|Any CPU
		{9366518D-D0B0-42FF-9314-976671943E60}.Debug|x64.ActiveCfg = Debug|Any CPU
		{9366518D-D0B0-42FF-9314-976671943E60}.Debug|x64.Build.0 = Debug|Any CPU
		{9366518D-D0B0-42FF-9314-976671943E60}.Debug|x86.ActiveCfg = Debug|Any CPU
		{9366518D-D0B0-42FF-9314-976671943E60}.Debug|x86.Build.0 = Debug|Any CPU
		{9366518D-D0B0-42FF-9314-976671943E60}.Release|Any CPU.ActiveCfg = Release|Any CPU
		{9366518D-D0B0-42FF-9314-976671943E60}.Release|Any CPU.Build.0 = Release|Any CPU
		{9366518D-D0B0-42FF-9314-976671943E60}.Release|x64.ActiveCfg = Release|Any CPU
		{9366518D-D0B0-42FF-9314-976671943E60}.Release|x64.Build.0 = Release|Any CPU
		{9366518D-D0B0-42FF-9314-976671943E60}.Release|x86.ActiveCfg = Release|Any CPU
		{9366518D-D0B0-42FF-9314-976671943E60}.Release|x86.Build.0 = Release|Any CPU
		{D62B7EA6-7A58-4AA0-BF0F-655B2038A807}.Debug|Any CPU.ActiveCfg = Debug|Any CPU
		{D62B7EA6-7A58-4AA0-BF0F-655B2038A807}.Debug|Any CPU.Build.0 = Debug|Any CPU
		{D62B7EA6-7A58-4AA0-BF0F-655B2038A807}.Debug|x64.ActiveCfg = Debug|Any CPU
		{D62B7EA6-7A58-4AA0-BF0F-655B2038A807}.Debug|x64.Build.0 = Debug|Any CPU
		{D62B7EA6-7A58-4AA0-BF0F-655B2038A807}.Debug|x86.ActiveCfg = Debug|Any CPU
		{D62B7EA6-7A58-4AA0-BF0F-655B2038A807}.Debug|x86.Build.0 = Debug|Any CPU
		{D62B7EA6-7A58-4AA0-BF0F-655B2038A807}.Release|Any CPU.ActiveCfg = Release|Any CPU
		{D62B7EA6-7A58-4AA0-BF0F-655B2038A807}.Release|Any CPU.Build.0 = Release|Any CPU
		{D62B7EA6-7A58-4AA0-BF0F-655B2038A807}.Release|x64.ActiveCfg = Release|Any CPU
		{D62B7EA6-7A58-4AA0-BF0F-655B2038A807}.Release|x64.Build.0 = Release|Any CPU
		{D62B7EA6-7A58-4AA0-BF0F-655B2038A807}.Release|x86.ActiveCfg = Release|Any CPU
		{D62B7EA6-7A58-4AA0-BF0F-655B2038A807}.Release|x86.Build.0 = Release|Any CPU
	EndGlobalSection
EndGlobal
